
Microsoft Visual Studio Solution File, Format Version 12.00
# Visual Studio 15
VisualStudioVersion = 15.0.28010.2016
MinimumVisualStudioVersion = 10.0.40219.1
Project("{9A19103F-16F7-4668-BE54-9A1E7A4F7556}") = "Website", "Website\Website.csproj", "{801CB0CC-0180-4F8B-BB30-361EAFD739D9}"
EndProject
Project("{FAE04EC0-301F-11D3-BF4B-00C04F79EFBC}") = "MarkdownConverter", "MarkdownConverter\MarkdownConverter.csproj", "{66BE8939-6AAD-425F-846B-C7A0DF1AA96F}"
EndProject
Global
	GlobalSection(SolutionConfigurationPlatforms) = preSolution
		Debug|Any CPU = Debug|Any CPU
		Release|Any CPU = Release|Any CPU
	EndGlobalSection
	GlobalSection(ProjectConfigurationPlatforms) = postSolution
		{801CB0CC-0180-4F8B-BB30-361EAFD739D9}.Debug|Any CPU.ActiveCfg = Debug|Any CPU
		{801CB0CC-0180-4F8B-BB30-361EAFD739D9}.Debug|Any CPU.Build.0 = Debug|Any CPU
		{801CB0CC-0180-4F8B-BB30-361EAFD739D9}.Release|Any CPU.ActiveCfg = Release|Any CPU
		{801CB0CC-0180-4F8B-BB30-361EAFD739D9}.Release|Any CPU.Build.0 = Release|Any CPU
		{66BE8939-6AAD-425F-846B-C7A0DF1AA96F}.Debug|Any CPU.ActiveCfg = Debug|Any CPU
		{66BE8939-6AAD-425F-846B-C7A0DF1AA96F}.Debug|Any CPU.Build.0 = Debug|Any CPU
		{66BE8939-6AAD-425F-846B-C7A0DF1AA96F}.Release|Any CPU.ActiveCfg = Release|Any CPU
		{66BE8939-6AAD-425F-846B-C7A0DF1AA96F}.Release|Any CPU.Build.0 = Release|Any CPU
	EndGlobalSection
	GlobalSection(SolutionProperties) = preSolution
		HideSolutionNode = FALSE
	EndGlobalSection
	GlobalSection(ExtensibilityGlobals) = postSolution
		SolutionGuid = {583F2235-61A0-4BB9-B318-0B92AAAE4575}
	EndGlobalSection
EndGlobal
